
Microsoft Visual Studio Solution File, Format Version 12.00
Project("{FAE04EC0-301F-11D3-BF4B-00C04F79EFBC}") = "LibraryA", "LibraryA\LibraryA.csproj", "{D2EC6CAF-ECB7-4427-B823-23255EA802EC}"
EndProject
Project("{FAE04EC0-301F-11D3-BF4B-00C04F79EFBC}") = "LibraryB", "LibraryB\LibraryB.csproj", "{6AF5A11D-35C1-4F85-A7B9-9F1A0B72EE3B}"
EndProject
Project("{FAE04EC0-301F-11D3-BF4B-00C04F79EFBC}") = "TestProjectA", "TestProjectA\TestProjectA.csproj", "{608D0B3B-7CB4-46D1-8F97-1F85FCAB23D4}"
EndProject
Project("{FAE04EC0-301F-11D3-BF4B-00C04F79EFBC}") = "TestProjectB", "TestProjectB\TestProjectB.csproj", "{C93B22E3-B8F6-4D2D-A4B8-FD29DB5CD4BA}"
EndProject
Global
	GlobalSection(SolutionConfigurationPlatforms) = preSolution
		Debug|Any CPU = Debug|Any CPU
		Release|Any CPU = Release|Any CPU
	EndGlobalSection
	GlobalSection(ProjectConfigurationPlatforms) = postSolution
		{D2EC6CAF-ECB7-4427-B823-23255EA802EC}.Debug|Any CPU.ActiveCfg = Debug|Any CPU
		{D2EC6CAF-ECB7-4427-B823-23255EA802EC}.Debug|Any CPU.Build.0 = Debug|Any CPU
		{D2EC6CAF-ECB7-4427-B823-23255EA802EC}.Release|Any CPU.ActiveCfg = Release|Any CPU
		{D2EC6CAF-ECB7-4427-B823-23255EA802EC}.Release|Any CPU.Build.0 = Release|Any CPU
		{6AF5A11D-35C1-4F85-A7B9-9F1A0B72EE3B}.Debug|Any CPU.ActiveCfg = Debug|Any CPU
		{6AF5A11D-35C1-4F85-A7B9-9F1A0B72EE3B}.Debug|Any CPU.Build.0 = Debug|Any CPU
		{6AF5A11D-35C1-4F85-A7B9-9F1A0B72EE3B}.Release|Any CPU.ActiveCfg = Release|Any CPU
		{6AF5A11D-35C1-4F85-A7B9-9F1A0B72EE3B}.Release|Any CPU.Build.0 = Release|Any CPU
		{608D0B3B-7CB4-46D1-8F97-1F85FCAB23D4}.Debug|Any CPU.ActiveCfg = Debug|Any CPU
		{608D0B3B-7CB4-46D1-8F97-1F85FCAB23D4}.Debug|Any CPU.Build.0 = Debug|Any CPU
		{608D0B3B-7CB4-46D1-8F97-1F85FCAB23D4}.Release|Any CPU.ActiveCfg = Release|Any CPU
		{608D0B3B-7CB4-46D1-8F97-1F85FCAB23D4}.Release|Any CPU.Build.0 = Release|Any CPU
		{C93B22E3-B8F6-4D2D-A4B8-FD29DB5CD4BA}.Debug|Any CPU.ActiveCfg = Debug|Any CPU
		{C93B22E3-B8F6-4D2D-A4B8-FD29DB5CD4BA}.Debug|Any CPU.Build.0 = Debug|Any CPU
		{C93B22E3-B8F6-4D2D-A4B8-FD29DB5CD4BA}.Release|Any CPU.ActiveCfg = Release|Any CPU
		{C93B22E3-B8F6-4D2D-A4B8-FD29DB5CD4BA}.Release|Any CPU.Build.0 = Release|Any CPU
	EndGlobalSection
EndGlobal
